// !$*UTF8*$!
{
	archiveVersion = 1;
	classes = {
	};
	objectVersion = 46;
	objects = {

/* Begin PBXBuildFile section */
		E10F4D981EFE441100A03E3F /* EditSheepTableViewController.swift in Sources */ = {isa = PBXBuildFile; fileRef = E10F4D971EFE441100A03E3F /* EditSheepTableViewController.swift */; };
		E10F4D9A1EFE483E00A03E3F /* EditSheepTableViewCell.swift in Sources */ = {isa = PBXBuildFile; fileRef = E10F4D991EFE483E00A03E3F /* EditSheepTableViewCell.swift */; };
		E11136681EFD7ECD00DABB4E /* DetailedSheepCell.swift in Sources */ = {isa = PBXBuildFile; fileRef = E11136671EFD7ECD00DABB4E /* DetailedSheepCell.swift */; };
		E12839541EFAC40A006CE4C5 /* AppDelegate.swift in Sources */ = {isa = PBXBuildFile; fileRef = E12839531EFAC40A006CE4C5 /* AppDelegate.swift */; };
		E12839591EFAC40A006CE4C5 /* Main.storyboard in Resources */ = {isa = PBXBuildFile; fileRef = E12839571EFAC40A006CE4C5 /* Main.storyboard */; };
		E128395B1EFAC40A006CE4C5 /* Assets.xcassets in Resources */ = {isa = PBXBuildFile; fileRef = E128395A1EFAC40A006CE4C5 /* Assets.xcassets */; };
		E128395E1EFAC40A006CE4C5 /* LaunchScreen.storyboard in Resources */ = {isa = PBXBuildFile; fileRef = E128395C1EFAC40A006CE4C5 /* LaunchScreen.storyboard */; };
		E12839661EFAC4A0006CE4C5 /* Sheep.swift in Sources */ = {isa = PBXBuildFile; fileRef = E12839651EFAC4A0006CE4C5 /* Sheep.swift */; };
		E12839681EFACBDA006CE4C5 /* SheepListTableViewController.swift in Sources */ = {isa = PBXBuildFile; fileRef = E12839671EFACBDA006CE4C5 /* SheepListTableViewController.swift */; };
		E128396A1EFACC93006CE4C5 /* SheepCell.swift in Sources */ = {isa = PBXBuildFile; fileRef = E12839691EFACC93006CE4C5 /* SheepCell.swift */; };
		E18553B71F27864700E4CFC0 /* DisplayGroupsCell.swift in Sources */ = {isa = PBXBuildFile; fileRef = E18553B61F27864700E4CFC0 /* DisplayGroupsCell.swift */; };
		E18553B91F27981000E4CFC0 /* SheepGroupCell.swift in Sources */ = {isa = PBXBuildFile; fileRef = E18553B81F27981000E4CFC0 /* SheepGroupCell.swift */; };
		E18A96FD1F126CBF00E51BFF /* ModelController.swift in Sources */ = {isa = PBXBuildFile; fileRef = E18A96FC1F126CBF00E51BFF /* ModelController.swift */; };
		E1AD57741F2DC5C4006888A4 /* WorkingSetTVC.swift in Sources */ = {isa = PBXBuildFile; fileRef = E1AD57731F2DC5C4006888A4 /* WorkingSetTVC.swift */; };
		E1C8A7941F0432D300FB55C9 /* DateTVCell.swift in Sources */ = {isa = PBXBuildFile; fileRef = E1C8A7931F0432D300FB55C9 /* DateTVCell.swift */; };
		E1C8A7961F057DAD00FB55C9 /* LambCell.swift in Sources */ = {isa = PBXBuildFile; fileRef = E1C8A7951F057DAD00FB55C9 /* LambCell.swift */; };
		E1C8A7981F057E0B00FB55C9 /* TextViewCell.swift in Sources */ = {isa = PBXBuildFile; fileRef = E1C8A7971F057E0B00FB55C9 /* TextViewCell.swift */; };
		E1D0B3441EFC14E000B1CB81 /* DetailedSheepViewController.swift in Sources */ = {isa = PBXBuildFile; fileRef = E1D0B3431EFC14E000B1CB81 /* DetailedSheepViewController.swift */; };
/* End PBXBuildFile section */

/* Begin PBXFileReference section */
		E10F4D971EFE441100A03E3F /* EditSheepTableViewController.swift */ = {isa = PBXFileReference; fileEncoding = 4; lastKnownFileType = sourcecode.swift; name = EditSheepTableViewController.swift; path = ../EditSheepTableViewController.swift; sourceTree = "<group>"; };
		E10F4D991EFE483E00A03E3F /* EditSheepTableViewCell.swift */ = {isa = PBXFileReference; fileEncoding = 4; lastKnownFileType = sourcecode.swift; name = EditSheepTableViewCell.swift; path = ../EditSheepTableViewCell.swift; sourceTree = "<group>"; };
		E11136671EFD7ECD00DABB4E /* DetailedSheepCell.swift */ = {isa = PBXFileReference; fileEncoding = 4; lastKnownFileType = sourcecode.swift; path = DetailedSheepCell.swift; sourceTree = "<group>"; };
		E12839501EFAC40A006CE4C5 /* SheepList.app */ = {isa = PBXFileReference; explicitFileType = wrapper.application; includeInIndex = 0; path = SheepList.app; sourceTree = BUILT_PRODUCTS_DIR; };
		E12839531EFAC40A006CE4C5 /* AppDelegate.swift */ = {isa = PBXFileReference; lastKnownFileType = sourcecode.swift; path = AppDelegate.swift; sourceTree = "<group>"; };
		E12839581EFAC40A006CE4C5 /* Base */ = {isa = PBXFileReference; lastKnownFileType = file.storyboard; name = Base; path = Base.lproj/Main.storyboard; sourceTree = "<group>"; };
		E128395A1EFAC40A006CE4C5 /* Assets.xcassets */ = {isa = PBXFileReference; lastKnownFileType = folder.assetcatalog; path = Assets.xcassets; sourceTree = "<group>"; };
		E128395D1EFAC40A006CE4C5 /* Base */ = {isa = PBXFileReference; lastKnownFileType = file.storyboard; name = Base; path = Base.lproj/LaunchScreen.storyboard; sourceTree = "<group>"; };
		E128395F1EFAC40A006CE4C5 /* Info.plist */ = {isa = PBXFileReference; lastKnownFileType = text.plist.xml; path = Info.plist; sourceTree = "<group>"; };
		E12839651EFAC4A0006CE4C5 /* Sheep.swift */ = {isa = PBXFileReference; fileEncoding = 4; lastKnownFileType = sourcecode.swift; path = Sheep.swift; sourceTree = "<group>"; };
		E12839671EFACBDA006CE4C5 /* SheepListTableViewController.swift */ = {isa = PBXFileReference; fileEncoding = 4; lastKnownFileType = sourcecode.swift; path = SheepListTableViewController.swift; sourceTree = "<group>"; };
		E12839691EFACC93006CE4C5 /* SheepCell.swift */ = {isa = PBXFileReference; fileEncoding = 4; lastKnownFileType = sourcecode.swift; path = SheepCell.swift; sourceTree = "<group>"; };
		E18553B61F27864700E4CFC0 /* DisplayGroupsCell.swift */ = {isa = PBXFileReference; fileEncoding = 4; lastKnownFileType = sourcecode.swift; path = DisplayGroupsCell.swift; sourceTree = "<group>"; };
		E18553B81F27981000E4CFC0 /* SheepGroupCell.swift */ = {isa = PBXFileReference; fileEncoding = 4; lastKnownFileType = sourcecode.swift; path = SheepGroupCell.swift; sourceTree = "<group>"; };
		E18A96FC1F126CBF00E51BFF /* ModelController.swift */ = {isa = PBXFileReference; fileEncoding = 4; lastKnownFileType = sourcecode.swift; path = ModelController.swift; sourceTree = "<group>"; };
		E1AD57731F2DC5C4006888A4 /* WorkingSetTVC.swift */ = {isa = PBXFileReference; fileEncoding = 4; lastKnownFileType = sourcecode.swift; path = WorkingSetTVC.swift; sourceTree = "<group>"; };
		E1C8A7931F0432D300FB55C9 /* DateTVCell.swift */ = {isa = PBXFileReference; fileEncoding = 4; lastKnownFileType = sourcecode.swift; path = DateTVCell.swift; sourceTree = "<group>"; };
		E1C8A7951F057DAD00FB55C9 /* LambCell.swift */ = {isa = PBXFileReference; fileEncoding = 4; lastKnownFileType = sourcecode.swift; path = LambCell.swift; sourceTree = "<group>"; };
		E1C8A7971F057E0B00FB55C9 /* TextViewCell.swift */ = {isa = PBXFileReference; fileEncoding = 4; lastKnownFileType = sourcecode.swift; path = TextViewCell.swift; sourceTree = "<group>"; };
		E1D0B3431EFC14E000B1CB81 /* DetailedSheepViewController.swift */ = {isa = PBXFileReference; fileEncoding = 4; lastKnownFileType = sourcecode.swift; path = DetailedSheepViewController.swift; sourceTree = "<group>"; };
/* End PBXFileReference section */

/* Begin PBXFrameworksBuildPhase section */
		E128394D1EFAC40A006CE4C5 /* Frameworks */ = {
			isa = PBXFrameworksBuildPhase;
			buildActionMask = 2147483647;
			files = (
			);
			runOnlyForDeploymentPostprocessing = 0;
		};
/* End PBXFrameworksBuildPhase section */

/* Begin PBXGroup section */
		E12839471EFAC40A006CE4C5 = {
			isa = PBXGroup;
			children = (
				E12839521EFAC40A006CE4C5 /* SheepList */,
				E12839511EFAC40A006CE4C5 /* Products */,
			);
			sourceTree = "<group>";
		};
		E12839511EFAC40A006CE4C5 /* Products */ = {
			isa = PBXGroup;
			children = (
				E12839501EFAC40A006CE4C5 /* SheepList.app */,
			);
			name = Products;
			sourceTree = "<group>";
		};
		E12839521EFAC40A006CE4C5 /* SheepList */ = {
			isa = PBXGroup;
			children = (
				E10F4D991EFE483E00A03E3F /* EditSheepTableViewCell.swift */,
				E10F4D971EFE441100A03E3F /* EditSheepTableViewController.swift */,
				E12839531EFAC40A006CE4C5 /* AppDelegate.swift */,
				E12839571EFAC40A006CE4C5 /* Main.storyboard */,
				E18553B81F27981000E4CFC0 /* SheepGroupCell.swift */,
				E1C8A7971F057E0B00FB55C9 /* TextViewCell.swift */,
				E1C8A7951F057DAD00FB55C9 /* LambCell.swift */,
				E1C8A7931F0432D300FB55C9 /* DateTVCell.swift */,
				E18553B61F27864700E4CFC0 /* DisplayGroupsCell.swift */,
				E1D0B3431EFC14E000B1CB81 /* DetailedSheepViewController.swift */,
				E18A96FC1F126CBF00E51BFF /* ModelController.swift */,
				E12839651EFAC4A0006CE4C5 /* Sheep.swift */,
				E12839671EFACBDA006CE4C5 /* SheepListTableViewController.swift */,
				E1AD57731F2DC5C4006888A4 /* WorkingSetTVC.swift */,
				E12839691EFACC93006CE4C5 /* SheepCell.swift */,
				E11136671EFD7ECD00DABB4E /* DetailedSheepCell.swift */,
				E128395A1EFAC40A006CE4C5 /* Assets.xcassets */,
				E128395C1EFAC40A006CE4C5 /* LaunchScreen.storyboard */,
				E128395F1EFAC40A006CE4C5 /* Info.plist */,
			);
			path = SheepList;
			sourceTree = "<group>";
		};
/* End PBXGroup section */

/* Begin PBXNativeTarget section */
		E128394F1EFAC40A006CE4C5 /* SheepList */ = {
			isa = PBXNativeTarget;
			buildConfigurationList = E12839621EFAC40A006CE4C5 /* Build configuration list for PBXNativeTarget "SheepList" */;
			buildPhases = (
				E128394C1EFAC40A006CE4C5 /* Sources */,
				E128394D1EFAC40A006CE4C5 /* Frameworks */,
				E128394E1EFAC40A006CE4C5 /* Resources */,
			);
			buildRules = (
			);
			dependencies = (
			);
			name = SheepList;
			productName = SheepList;
			productReference = E12839501EFAC40A006CE4C5 /* SheepList.app */;
			productType = "com.apple.product-type.application";
		};
/* End PBXNativeTarget section */

/* Begin PBXProject section */
		E12839481EFAC40A006CE4C5 /* Project object */ = {
			isa = PBXProject;
			attributes = {
				LastSwiftUpdateCheck = 0830;
				LastUpgradeCheck = 0830;
				TargetAttributes = {
					E128394F1EFAC40A006CE4C5 = {
						CreatedOnToolsVersion = 8.3;
						DevelopmentTeam = UU28JUKUM7;
						ProvisioningStyle = Automatic;
					};
				};
			};
			buildConfigurationList = E128394B1EFAC40A006CE4C5 /* Build configuration list for PBXProject "SheepList" */;
			compatibilityVersion = "Xcode 3.2";
			developmentRegion = English;
			hasScannedForEncodings = 0;
			knownRegions = (
				en,
				Base,
			);
			mainGroup = E12839471EFAC40A006CE4C5;
			productRefGroup = E12839511EFAC40A006CE4C5 /* Products */;
			projectDirPath = "";
			projectRoot = "";
			targets = (
				E128394F1EFAC40A006CE4C5 /* SheepList */,
			);
		};
/* End PBXProject section */

/* Begin PBXResourcesBuildPhase section */
		E128394E1EFAC40A006CE4C5 /* Resources */ = {
			isa = PBXResourcesBuildPhase;
			buildActionMask = 2147483647;
			files = (
				E128395E1EFAC40A006CE4C5 /* LaunchScreen.storyboard in Resources */,
				E128395B1EFAC40A006CE4C5 /* Assets.xcassets in Resources */,
				E12839591EFAC40A006CE4C5 /* Main.storyboard in Resources */,
			);
			runOnlyForDeploymentPostprocessing = 0;
		};
/* End PBXResourcesBuildPhase section */

/* Begin PBXSourcesBuildPhase section */
		E128394C1EFAC40A006CE4C5 /* Sources */ = {
			isa = PBXSourcesBuildPhase;
			buildActionMask = 2147483647;
			files = (
				E1C8A7981F057E0B00FB55C9 /* TextViewCell.swift in Sources */,
				E12839661EFAC4A0006CE4C5 /* Sheep.swift in Sources */,
				E12839681EFACBDA006CE4C5 /* SheepListTableViewController.swift in Sources */,
				E128396A1EFACC93006CE4C5 /* SheepCell.swift in Sources */,
				E1D0B3441EFC14E000B1CB81 /* DetailedSheepViewController.swift in Sources */,
				E18553B71F27864700E4CFC0 /* DisplayGroupsCell.swift in Sources */,
				E12839541EFAC40A006CE4C5 /* AppDelegate.swift in Sources */,
				E1AD57741F2DC5C4006888A4 /* WorkingSetTVC.swift in Sources */,
				E1C8A7961F057DAD00FB55C9 /* LambCell.swift in Sources */,
				E10F4D9A1EFE483E00A03E3F /* EditSheepTableViewCell.swift in Sources */,
				E11136681EFD7ECD00DABB4E /* DetailedSheepCell.swift in Sources */,
				E18A96FD1F126CBF00E51BFF /* ModelController.swift in Sources */,
				E10F4D981EFE441100A03E3F /* EditSheepTableViewController.swift in Sources */,
				E1C8A7941F0432D300FB55C9 /* DateTVCell.swift in Sources */,
				E18553B91F27981000E4CFC0 /* SheepGroupCell.swift in Sources */,
			);
			runOnlyForDeploymentPostprocessing = 0;
		};
/* End PBXSourcesBuildPhase section */

/* Begin PBXVariantGroup section */
		E12839571EFAC40A006CE4C5 /* Main.storyboard */ = {
			isa = PBXVariantGroup;
			children = (
				E12839581EFAC40A006CE4C5 /* Base */,
			);
			name = Main.storyboard;
			sourceTree = "<group>";
		};
		E128395C1EFAC40A006CE4C5 /* LaunchScreen.storyboard */ = {
			isa = PBXVariantGroup;
			children = (
				E128395D1EFAC40A006CE4C5 /* Base */,
			);
			name = LaunchScreen.storyboard;
			sourceTree = "<group>";
		};
/* End PBXVariantGroup section */

/* Begin XCBuildConfiguration section */
		E12839601EFAC40A006CE4C5 /* Debug */ = {
			isa = XCBuildConfiguration;
			buildSettings = {
				ALWAYS_SEARCH_USER_PATHS = NO;
				CLANG_ANALYZER_NONNULL = YES;
				CLANG_ANALYZER_NUMBER_OBJECT_CONVERSION = YES_AGGRESSIVE;
				CLANG_CXX_LANGUAGE_STANDARD = "gnu++0x";
				CLANG_CXX_LIBRARY = "libc++";
				CLANG_ENABLE_MODULES = YES;
				CLANG_ENABLE_OBJC_ARC = YES;
				CLANG_WARN_BOOL_CONVERSION = YES;
				CLANG_WARN_CONSTANT_CONVERSION = YES;
				CLANG_WARN_DIRECT_OBJC_ISA_USAGE = YES_ERROR;
				CLANG_WARN_DOCUMENTATION_COMMENTS = YES;
				CLANG_WARN_EMPTY_BODY = YES;
				CLANG_WARN_ENUM_CONVERSION = YES;
				CLANG_WARN_INFINITE_RECURSION = YES;
				CLANG_WARN_INT_CONVERSION = YES;
				CLANG_WARN_OBJC_ROOT_CLASS = YES_ERROR;
				CLANG_WARN_SUSPICIOUS_MOVE = YES;
				CLANG_WARN_UNREACHABLE_CODE = YES;
				CLANG_WARN__DUPLICATE_METHOD_MATCH = YES;
				"CODE_SIGN_IDENTITY[sdk=iphoneos*]" = "iPhone Developer";
				COPY_PHASE_STRIP = NO;
				DEBUG_INFORMATION_FORMAT = dwarf;
				ENABLE_STRICT_OBJC_MSGSEND = YES;
				ENABLE_TESTABILITY = YES;
				GCC_C_LANGUAGE_STANDARD = gnu99;
				GCC_DYNAMIC_NO_PIC = NO;
				GCC_NO_COMMON_BLOCKS = YES;
				GCC_OPTIMIZATION_LEVEL = 0;
				GCC_PREPROCESSOR_DEFINITIONS = (
					"DEBUG=1",
					"$(inherited)",
				);
				GCC_WARN_64_TO_32_BIT_CONVERSION = YES;
				GCC_WARN_ABOUT_RETURN_TYPE = YES_ERROR;
				GCC_WARN_UNDECLARED_SELECTOR = YES;
				GCC_WARN_UNINITIALIZED_AUTOS = YES_AGGRESSIVE;
				GCC_WARN_UNUSED_FUNCTION = YES;
				GCC_WARN_UNUSED_VARIABLE = YES;
				IPHONEOS_DEPLOYMENT_TARGET = 10.3;
				MTL_ENABLE_DEBUG_INFO = YES;
				ONLY_ACTIVE_ARCH = YES;
				SDKROOT = iphoneos;
				SWIFT_ACTIVE_COMPILATION_CONDITIONS = DEBUG;
				SWIFT_OPTIMIZATION_LEVEL = "-Onone";
				TARGETED_DEVICE_FAMILY = "1,2";
			};
			name = Debug;
		};
		E12839611EFAC40A006CE4C5 /* Release */ = {
			isa = XCBuildConfiguration;
			buildSettings = {
				ALWAYS_SEARCH_USER_PATHS = NO;
				CLANG_ANALYZER_NONNULL = YES;
				CLANG_ANALYZER_NUMBER_OBJECT_CONVERSION = YES_AGGRESSIVE;
				CLANG_CXX_LANGUAGE_STANDARD = "gnu++0x";
				CLANG_CXX_LIBRARY = "libc++";
				CLANG_ENABLE_MODULES = YES;
				CLANG_ENABLE_OBJC_ARC = YES;
				CLANG_WARN_BOOL_CONVERSION = YES;
				CLANG_WARN_CONSTANT_CONVERSION = YES;
				CLANG_WARN_DIRECT_OBJC_ISA_USAGE = YES_ERROR;
				CLANG_WARN_DOCUMENTATION_COMMENTS = YES;
				CLANG_WARN_EMPTY_BODY = YES;
				CLANG_WARN_ENUM_CONVERSION = YES;
				CLANG_WARN_INFINITE_RECURSION = YES;
				CLANG_WARN_INT_CONVERSION = YES;
				CLANG_WARN_OBJC_ROOT_CLASS = YES_ERROR;
				CLANG_WARN_SUSPICIOUS_MOVE = YES;
				CLANG_WARN_UNREACHABLE_CODE = YES;
				CLANG_WARN__DUPLICATE_METHOD_MATCH = YES;
				"CODE_SIGN_IDENTITY[sdk=iphoneos*]" = "iPhone Developer";
				COPY_PHASE_STRIP = NO;
				DEBUG_INFORMATION_FORMAT = "dwarf-with-dsym";
				ENABLE_NS_ASSERTIONS = NO;
				ENABLE_STRICT_OBJC_MSGSEND = YES;
				GCC_C_LANGUAGE_STANDARD = gnu99;
				GCC_NO_COMMON_BLOCKS = YES;
				GCC_WARN_64_TO_32_BIT_CONVERSION = YES;
				GCC_WARN_ABOUT_RETURN_TYPE = YES_ERROR;
				GCC_WARN_UNDECLARED_SELECTOR = YES;
				GCC_WARN_UNINITIALIZED_AUTOS = YES_AGGRESSIVE;
				GCC_WARN_UNUSED_FUNCTION = YES;
				GCC_WARN_UNUSED_VARIABLE = YES;
				IPHONEOS_DEPLOYMENT_TARGET = 10.3;
				MTL_ENABLE_DEBUG_INFO = NO;
				SDKROOT = iphoneos;
				SWIFT_OPTIMIZATION_LEVEL = "-Owholemodule";
				TARGETED_DEVICE_FAMILY = "1,2";
				VALIDATE_PRODUCT = YES;
			};
			name = Release;
		};
		E12839631EFAC40A006CE4C5 /* Debug */ = {
			isa = XCBuildConfiguration;
			buildSettings = {
				ASSETCATALOG_COMPILER_APPICON_NAME = AppIcon;
				DEVELOPMENT_TEAM = UU28JUKUM7;
				INFOPLIST_FILE = SheepList/Info.plist;
				LD_RUNPATH_SEARCH_PATHS = "$(inherited) @executable_path/Frameworks";
				PRODUCT_BUNDLE_IDENTIFIER = AndreasVage.Sauelisten;
				PRODUCT_NAME = "$(TARGET_NAME)";
				SWIFT_VERSION = 3.0;
			};
			name = Debug;
		};
		E12839641EFAC40A006CE4C5 /* Release */ = {
			isa = XCBuildConfiguration;
			buildSettings = {
				ASSETCATALOG_COMPILER_APPICON_NAME = AppIcon;
				DEVELOPMENT_TEAM = UU28JUKUM7;
				INFOPLIST_FILE = SheepList/Info.plist;
				LD_RUNPATH_SEARCH_PATHS = "$(inherited) @executable_path/Frameworks";
				PRODUCT_BUNDLE_IDENTIFIER = AndreasVage.Sauelisten;
				PRODUCT_NAME = "$(TARGET_NAME)";
				SWIFT_VERSION = 3.0;
			};
			name = Release;
		};
/* End XCBuildConfiguration section */

/* Begin XCConfigurationList section */
		E128394B1EFAC40A006CE4C5 /* Build configuration list for PBXProject "SheepList" */ = {
			isa = XCConfigurationList;
			buildConfigurations = (
				E12839601EFAC40A006CE4C5 /* Debug */,
				E12839611EFAC40A006CE4C5 /* Release */,
			);
			defaultConfigurationIsVisible = 0;
			defaultConfigurationName = Release;
		};
		E12839621EFAC40A006CE4C5 /* Build configuration list for PBXNativeTarget "SheepList" */ = {
			isa = XCConfigurationList;
			buildConfigurations = (
				E12839631EFAC40A006CE4C5 /* Debug */,
				E12839641EFAC40A006CE4C5 /* Release */,
			);
			defaultConfigurationIsVisible = 0;
			defaultConfigurationName = Release;
		};
/* End XCConfigurationList section */
	};
	rootObject = E12839481EFAC40A006CE4C5 /* Project object */;
}
